{
	"name": "@nerd-bible/ref",
	"lockfileVersion": 3,
	"requires": true,
	"packages": {
		"": {
			"name": "@nerd-bible/ref",
			"devDependencies": {
				"@nerd-bible/config": "^0.1.5",
				"@types/node": "^25.3.3",
				"typescript": "^5.9.3"
			}
		},
		"node_modules/@nerd-bible/config": {
			"version": "0.1.5",
			"resolved": "https://registry.npmjs.org/@nerd-bible/config/-/config-0.1.5.tgz",
			"integrity": "sha512-BTtXHZ/l9HBxlv4fRiFVAyZ6T/+1sSfN4Vnuxc/mgYS/9ueX5F+/2+cDRdMoR88Yhcf1GBFR+RR36tM92wxVUg==",
			"dev": true,
			"bin": {
				"gitBump": "bin/gitBump.js",
				"pkgWrite": "bin/pkgWrite.js"
			},
			"peerDependencies": {
				"prettier": "^3.8.1"
			}
		},
		"node_modules/@types/node": {
			"version": "25.3.5",
			"resolved": "https://registry.npmjs.org/@types/node/-/node-25.3.5.tgz",
			"integrity": "sha512-oX8xrhvpiyRCQkG1MFchB09f+cXftgIXb3a7UUa4Y3wpmZPw5tyZGTLWhlESOLq1Rq6oDlc8npVU2/9xiCuXMA==",
			"dev": true,
			"license": "MIT",
			"dependencies": {
				"undici-types": "~7.18.0"
			}
		},
		"node_modules/prettier": {
			"version": "3.8.1",
			"resolved": "https://registry.npmjs.org/prettier/-/prettier-3.8.1.tgz",
			"integrity": "sha512-UOnG6LftzbdaHZcKoPFtOcCKztrQ57WkHDeRD9t/PTQtmT0NHSeWWepj6pS0z/N7+08BHFDQVUrfmfMRcZwbMg==",
			"dev": true,
			"license": "MIT",
			"peer": true,
			"bin": {
				"prettier": "bin/prettier.cjs"
			},
			"engines": {
				"node": ">=14"
			},
			"funding": {
				"url": "https://github.com/prettier/prettier?sponsor=1"
			}
		},
		"node_modules/typescript": {
			"version": "5.9.3",
			"resolved": "https://registry.npmjs.org/typescript/-/typescript-5.9.3.tgz",
			"integrity": "sha512-jl1vZzPDinLr9eUt3J/t7V6FgNEw9QjvBPdysz9KfQDD41fQrC2Y4vKQdiaUpFT4bXlb1RHhLpp8wtm6M5TgSw==",
			"dev": true,
			"license": "Apache-2.0",
			"bin": {
				"tsc": "bin/tsc",
				"tsserver": "bin/tsserver"
			},
			"engines": {
				"node": ">=14.17"
			}
		},
		"node_modules/undici-types": {
			"version": "7.18.2",
			"resolved": "https://registry.npmjs.org/undici-types/-/undici-types-7.18.2.tgz",
			"integrity": "sha512-AsuCzffGHJybSaRrmr5eHr81mwJU3kjw6M+uprWvCXiNeN9SOGwQ3Jn8jb8m3Z6izVgknn1R0FTCEAP2QrLY/w==",
			"dev": true,
			"license": "MIT"
		}
	}
}
